<?xml version="1.0" encoding="utf-8"?>
<Project ToolsVersion="17.0" xmlns="http://schemas.microsoft.com/developer/msbuild/2003">
  <ItemGroup>
    <CustomBuild Include="C:\Users\User\source\repos\AzQt\src\AzQtComponents\CMakeFiles\95fadd3fac472a9ae9da2039cd69e819\generate.stamp.rule">
      <Filter>CMake Rules</Filter>
    </CustomBuild>
  </ItemGroup>
  <ItemGroup>
    <Filter Include="CMake Rules">
      <UniqueIdentifier>{05803729-1739-3662-92BF-23F21DE4E5F5}</UniqueIdentifier>
    </Filter>
  </ItemGroup>
</Project>
